{
  "name": "eagle-mergemate",
  "version": "0.2.0",
  "lockfileVersion": 3,
  "requires": true,
  "packages": {
    "": {
      "name": "eagle-mergemate",
      "version": "0.2.0",
      "peerDependencies": {
        "pngjs": "^7.0.0"
      },
      "peerDependenciesMeta": {
        "pngjs": {
          "optional": true
        }
      }
    }
  }
}
